// !$*UTF8*$!
{
	archiveVersion = 1;
	classes = {
	};
	objectVersion = 45;
	objects = {

/* Begin PBXAggregateTarget section */
		21351F530FEC59520074ACFE /* Docs */ = {
			isa = PBXAggregateTarget;
			buildConfigurationList = 21351F5D0FEC597F0074ACFE /* Build configuration list for PBXAggregateTarget "Docs" */;
			buildPhases = (
				21351F520FEC59520074ACFE /* ShellScript */,
			);
			dependencies = (
			);
			name = Docs;
			productName = Docs;
		};
/* End PBXAggregateTarget section */

/* Begin PBXBuildFile section */
		1DDD58160DA1D0A300B32029 /* MainMenu.xib in Resources */ = {isa = PBXBuildFile; fileRef = 1DDD58140DA1D0A300B32029 /* MainMenu.xib */; };
		21351FB30FEC67780074ACFE /* MPActionsController.m in Sources */ = {isa = PBXBuildFile; fileRef = 21351FB20FEC67780074ACFE /* MPActionsController.m */; };
		214BAFE40FE7164200BD1B46 /* MPActionLauncher.m in Sources */ = {isa = PBXBuildFile; fileRef = 214BAFE30FE7164200BD1B46 /* MPActionLauncher.m */; };
		21A588360FF5D683003CF725 /* MPActionTool.m in Sources */ = {isa = PBXBuildFile; fileRef = 21A588350FF5D683003CF725 /* MPActionTool.m */; };
		21A588370FF5D697003CF725 /* MacPorts.framework in Frameworks */ = {isa = PBXBuildFile; fileRef = 21F165510FE2C04300542AEE /* MacPorts.framework */; };
		21A5884C0FF5D834003CF725 /* Foundation.framework in Frameworks */ = {isa = PBXBuildFile; fileRef = 29B97325FDCFA39411CA2CEA /* Foundation.framework */; };
		21A5895A0FF5E96E003CF725 /* MPActionTool in CopyFiles */ = {isa = PBXBuildFile; fileRef = 21A588140FF5D508003CF725 /* MPActionTool */; };
		21B6A38E0FEDCBD5001DF976 /* TB_Install.icns in Resources */ = {isa = PBXBuildFile; fileRef = 21B6A38A0FEDCBD5001DF976 /* TB_Install.icns */; };
		21B6A38F0FEDCBD5001DF976 /* TB_Sync.icns in Resources */ = {isa = PBXBuildFile; fileRef = 21B6A38B0FEDCBD5001DF976 /* TB_Sync.icns */; };
		21B6A3910FEDCBD5001DF976 /* TB_Upgrade.icns in Resources */ = {isa = PBXBuildFile; fileRef = 21B6A38D0FEDCBD5001DF976 /* TB_Upgrade.icns */; };
		21B6A3940FEDE6CA001DF976 /* TB_Uninstall.icns in Resources */ = {isa = PBXBuildFile; fileRef = 21B6A3930FEDE6CA001DF976 /* TB_Uninstall.icns */; };
		21F166D80FE329A700542AEE /* MacPorts.framework in CopyFiles */ = {isa = PBXBuildFile; fileRef = 21F165510FE2C04300542AEE /* MacPorts.framework */; };
		21F166D90FE329AA00542AEE /* MacPorts.framework in Frameworks */ = {isa = PBXBuildFile; fileRef = 21F165510FE2C04300542AEE /* MacPorts.framework */; };
		21F1675A0FE3382D00542AEE /* PortsTableController.m in Sources */ = {isa = PBXBuildFile; fileRef = 21F167590FE3382D00542AEE /* PortsTableController.m */; };
		21FC226A0FE8895900B1E835 /* StateTransformer.m in Sources */ = {isa = PBXBuildFile; fileRef = 21FC22690FE8895900B1E835 /* StateTransformer.m */; };
		21FC226D0FE88A2A00B1E835 /* Installed.tiff in Resources */ = {isa = PBXBuildFile; fileRef = 21FC226B0FE88A2A00B1E835 /* Installed.tiff */; };
		21FC226E0FE88A2A00B1E835 /* Outdated.tiff in Resources */ = {isa = PBXBuildFile; fileRef = 21FC226C0FE88A2A00B1E835 /* Outdated.tiff */; };
		21FC233B0FE8AB0400B1E835 /* StatePredicateTemplate.m in Sources */ = {isa = PBXBuildFile; fileRef = 21FC233A0FE8AB0400B1E835 /* StatePredicateTemplate.m */; };
		8D11072B0486CEB800E47090 /* InfoPlist.strings in Resources */ = {isa = PBXBuildFile; fileRef = 089C165CFE840E0CC02AAC07 /* InfoPlist.strings */; };
		8D11072D0486CEB800E47090 /* main.m in Sources */ = {isa = PBXBuildFile; fileRef = 29B97316FDCFA39411CA2CEA /* main.m */; settings = {ATTRIBUTES = (); }; };
		8D11072F0486CEB800E47090 /* Cocoa.framework in Frameworks */ = {isa = PBXBuildFile; fileRef = 1058C7A1FEA54F0111CA2CBB /* Cocoa.framework */; };
/* End PBXBuildFile section */

/* Begin PBXContainerItemProxy section */
		2106329F0FF7CC8100FF0217 /* PBXContainerItemProxy */ = {
			isa = PBXContainerItemProxy;
			containerPortal = 21F165400FE2C04300542AEE /* MacPorts.Framework.xcodeproj */;
			proxyType = 1;
			remoteGlobalIDString = 8DC2EF4F0486A6940098B216 /* MacPorts */;
			remoteInfo = MacPorts;
		};
		21A588E40FF5E09A003CF725 /* PBXContainerItemProxy */ = {
			isa = PBXContainerItemProxy;
			containerPortal = 29B97313FDCFA39411CA2CEA /* Project object */;
			proxyType = 1;
			remoteGlobalIDString = 21A588130FF5D508003CF725;
			remoteInfo = MPActionTool;
		};
		21F1654C0FE2C04300542AEE /* PBXContainerItemProxy */ = {
			isa = PBXContainerItemProxy;
			containerPortal = 21F165400FE2C04300542AEE /* MacPorts.Framework.xcodeproj */;
			proxyType = 2;
			remoteGlobalIDString = 6EC260870E426FF10013BC48;
			remoteInfo = MPHelperInstallTool;
		};
		21F1654E0FE2C04300542AEE /* PBXContainerItemProxy */ = {
			isa = PBXContainerItemProxy;
			containerPortal = 21F165400FE2C04300542AEE /* MacPorts.Framework.xcodeproj */;
			proxyType = 2;
			remoteGlobalIDString = 6ED12A4A0E3E552F0026773D;
			remoteInfo = MPHelperTool;
		};
		21F165500FE2C04300542AEE /* PBXContainerItemProxy */ = {
			isa = PBXContainerItemProxy;
			containerPortal = 21F165400FE2C04300542AEE /* MacPorts.Framework.xcodeproj */;
			proxyType = 2;
			remoteGlobalIDString = 8DC2EF5B0486A6940098B216;
			remoteInfo = MacPorts;
		};
		21F165520FE2C04300542AEE /* PBXContainerItemProxy */ = {
			isa = PBXContainerItemProxy;
			containerPortal = 21F165400FE2C04300542AEE /* MacPorts.Framework.xcodeproj */;
			proxyType = 2;
			remoteGlobalIDString = 489DD8F40C94365F00595506;
			remoteInfo = Test;
		};
		21F165540FE2C04300542AEE /* PBXContainerItemProxy */ = {
			isa = PBXContainerItemProxy;
			containerPortal = 21F165400FE2C04300542AEE /* MacPorts.Framework.xcodeproj */;
			proxyType = 2;
			remoteGlobalIDString = 6EE6DD9E0E626D2800FB2115;
			remoteInfo = MPHelperToolIPCTester;
		};
		21F165810FE2C17C00542AEE /* PBXContainerItemProxy */ = {
			isa = PBXContainerItemProxy;
			containerPortal = 21F165400FE2C04300542AEE /* MacPorts.Framework.xcodeproj */;
			proxyType = 1;
			remoteGlobalIDString = 8DC2EF4F0486A6940098B216;
			remoteInfo = MacPorts;
		};
/* End PBXContainerItemProxy section */

/* Begin PBXCopyFilesBuildPhase section */
		21A5894C0FF5E8C6003CF725 /* CopyFiles */ = {
			isa = PBXCopyFilesBuildPhase;
			buildActionMask = 2147483647;
			dstPath = "";
			dstSubfolderSpec = 6;
			files = (
				21A5895A0FF5E96E003CF725 /* MPActionTool in CopyFiles */,
			);
			runOnlyForDeploymentPostprocessing = 0;
		};
		21F165890FE2C22D00542AEE /* CopyFiles */ = {
			isa = PBXCopyFilesBuildPhase;
			buildActionMask = 2147483647;
			dstPath = "";
			dstSubfolderSpec = 10;
			files = (
				21F166D80FE329A700542AEE /* MacPorts.framework in CopyFiles */,
			);
			runOnlyForDeploymentPostprocessing = 0;
		};
/* End PBXCopyFilesBuildPhase section */

/* Begin PBXFileReference section */
		089C165DFE840E0CC02AAC07 /* English */ = {isa = PBXFileReference; fileEncoding = 10; lastKnownFileType = text.plist.strings; name = English; path = English.lproj/InfoPlist.strings; sourceTree = "<group>"; };
		1058C7A1FEA54F0111CA2CBB /* Cocoa.framework */ = {isa = PBXFileReference; lastKnownFileType = wrapper.framework; name = Cocoa.framework; path = /System/Library/Frameworks/Cocoa.framework; sourceTree = "<absolute>"; };
		13E42FB307B3F0F600E4EEF1 /* CoreData.framework */ = {isa = PBXFileReference; lastKnownFileType = wrapper.framework; name = CoreData.framework; path = /System/Library/Frameworks/CoreData.framework; sourceTree = "<absolute>"; };
		1DDD58150DA1D0A300B32029 /* English */ = {isa = PBXFileReference; lastKnownFileType = file.xib; name = English; path = English.lproj/MainMenu.xib; sourceTree = "<group>"; };
		21351FB10FEC67780074ACFE /* MPActionsController.h */ = {isa = PBXFileReference; fileEncoding = 4; lastKnownFileType = sourcecode.c.h; path = MPActionsController.h; sourceTree = "<group>"; };
		21351FB20FEC67780074ACFE /* MPActionsController.m */ = {isa = PBXFileReference; fileEncoding = 4; lastKnownFileType = sourcecode.c.objc; path = MPActionsController.m; sourceTree = "<group>"; };
		214BAFE20FE7164200BD1B46 /* MPActionLauncher.h */ = {isa = PBXFileReference; fileEncoding = 4; lastKnownFileType = sourcecode.c.h; path = MPActionLauncher.h; sourceTree = "<group>"; };
		214BAFE30FE7164200BD1B46 /* MPActionLauncher.m */ = {isa = PBXFileReference; fileEncoding = 4; lastKnownFileType = sourcecode.c.objc; path = MPActionLauncher.m; sourceTree = "<group>"; wrapsLines = 0; };
		21A588140FF5D508003CF725 /* MPActionTool */ = {isa = PBXFileReference; explicitFileType = "compiled.mach-o.executable"; includeInIndex = 0; path = MPActionTool; sourceTree = BUILT_PRODUCTS_DIR; };
		21A588340FF5D683003CF725 /* MPActionTool.h */ = {isa = PBXFileReference; fileEncoding = 4; lastKnownFileType = sourcecode.c.h; path = MPActionTool.h; sourceTree = "<group>"; };
		21A588350FF5D683003CF725 /* MPActionTool.m */ = {isa = PBXFileReference; fileEncoding = 4; lastKnownFileType = sourcecode.c.objc; path = MPActionTool.m; sourceTree = "<group>"; };
		21B6A38A0FEDCBD5001DF976 /* TB_Install.icns */ = {isa = PBXFileReference; lastKnownFileType = image.icns; path = TB_Install.icns; sourceTree = "<group>"; };
		21B6A38B0FEDCBD5001DF976 /* TB_Sync.icns */ = {isa = PBXFileReference; lastKnownFileType = image.icns; path = TB_Sync.icns; sourceTree = "<group>"; };
		21B6A38D0FEDCBD5001DF976 /* TB_Upgrade.icns */ = {isa = PBXFileReference; lastKnownFileType = image.icns; path = TB_Upgrade.icns; sourceTree = "<group>"; };
		21B6A3930FEDE6CA001DF976 /* TB_Uninstall.icns */ = {isa = PBXFileReference; lastKnownFileType = image.icns; path = TB_Uninstall.icns; sourceTree = "<group>"; };
		21F165400FE2C04300542AEE /* MacPorts.Framework.xcodeproj */ = {isa = PBXFileReference; lastKnownFileType = "wrapper.pb-project"; name = MacPorts.Framework.xcodeproj; path = ../MacPorts_Framework/MacPorts.Framework.xcodeproj; sourceTree = SOURCE_ROOT; };
		21F167580FE3382D00542AEE /* PortsTableController.h */ = {isa = PBXFileReference; fileEncoding = 4; lastKnownFileType = sourcecode.c.h; path = PortsTableController.h; sourceTree = "<group>"; };
		21F167590FE3382D00542AEE /* PortsTableController.m */ = {isa = PBXFileReference; fileEncoding = 4; lastKnownFileType = sourcecode.c.objc; path = PortsTableController.m; sourceTree = "<group>"; };
		21FC22680FE8895900B1E835 /* StateTransformer.h */ = {isa = PBXFileReference; fileEncoding = 4; lastKnownFileType = sourcecode.c.h; path = StateTransformer.h; sourceTree = "<group>"; };
		21FC22690FE8895900B1E835 /* StateTransformer.m */ = {isa = PBXFileReference; fileEncoding = 4; lastKnownFileType = sourcecode.c.objc; path = StateTransformer.m; sourceTree = "<group>"; };
		21FC226B0FE88A2A00B1E835 /* Installed.tiff */ = {isa = PBXFileReference; lastKnownFileType = image.tiff; path = Installed.tiff; sourceTree = "<group>"; };
		21FC226C0FE88A2A00B1E835 /* Outdated.tiff */ = {isa = PBXFileReference; lastKnownFileType = image.tiff; path = Outdated.tiff; sourceTree = "<group>"; };
		21FC23390FE8AB0400B1E835 /* StatePredicateTemplate.h */ = {isa = PBXFileReference; fileEncoding = 4; lastKnownFileType = sourcecode.c.h; path = StatePredicateTemplate.h; sourceTree = "<group>"; };
		21FC233A0FE8AB0400B1E835 /* StatePredicateTemplate.m */ = {isa = PBXFileReference; fileEncoding = 4; lastKnownFileType = sourcecode.c.objc; path = StatePredicateTemplate.m; sourceTree = "<group>"; };
		29B97316FDCFA39411CA2CEA /* main.m */ = {isa = PBXFileReference; fileEncoding = 4; lastKnownFileType = sourcecode.c.objc; path = main.m; sourceTree = "<group>"; };
		29B97324FDCFA39411CA2CEA /* AppKit.framework */ = {isa = PBXFileReference; lastKnownFileType = wrapper.framework; name = AppKit.framework; path = /System/Library/Frameworks/AppKit.framework; sourceTree = "<absolute>"; };
		29B97325FDCFA39411CA2CEA /* Foundation.framework */ = {isa = PBXFileReference; lastKnownFileType = wrapper.framework; name = Foundation.framework; path = /System/Library/Frameworks/Foundation.framework; sourceTree = "<absolute>"; };
		32CA4F630368D1EE00C91783 /* MPGUI_Prefix.pch */ = {isa = PBXFileReference; fileEncoding = 4; lastKnownFileType = sourcecode.c.h; path = MPGUI_Prefix.pch; sourceTree = "<group>"; };
		8D1107310486CEB800E47090 /* Info.plist */ = {isa = PBXFileReference; fileEncoding = 4; lastKnownFileType = text.plist.xml; path = Info.plist; sourceTree = "<group>"; };
		8D1107320486CEB800E47090 /* MPGUI.app */ = {isa = PBXFileReference; explicitFileType = wrapper.application; includeInIndex = 0; path = MPGUI.app; sourceTree = BUILT_PRODUCTS_DIR; };
/* End PBXFileReference section */

/* Begin PBXFrameworksBuildPhase section */
		21A588120FF5D508003CF725 /* Frameworks */ = {
			isa = PBXFrameworksBuildPhase;
			buildActionMask = 2147483647;
			files = (
				21A588370FF5D697003CF725 /* MacPorts.framework in Frameworks */,
				21A5884C0FF5D834003CF725 /* Foundation.framework in Frameworks */,
			);
			runOnlyForDeploymentPostprocessing = 0;
		};
		8D11072E0486CEB800E47090 /* Frameworks */ = {
			isa = PBXFrameworksBuildPhase;
			buildActionMask = 2147483647;
			files = (
				21F166D90FE329AA00542AEE /* MacPorts.framework in Frameworks */,
				8D11072F0486CEB800E47090 /* Cocoa.framework in Frameworks */,
			);
			runOnlyForDeploymentPostprocessing = 0;
		};
/* End PBXFrameworksBuildPhase section */

/* Begin PBXGroup section */
		1058C7A0FEA54F0111CA2CBB /* Linked Frameworks */ = {
			isa = PBXGroup;
			children = (
				1058C7A1FEA54F0111CA2CBB /* Cocoa.framework */,
			);
			name = "Linked Frameworks";
			sourceTree = "<group>";
		};
		1058C7A2FEA54F0111CA2CBB /* Other Frameworks */ = {
			isa = PBXGroup;
			children = (
				29B97324FDCFA39411CA2CEA /* AppKit.framework */,
				13E42FB307B3F0F600E4EEF1 /* CoreData.framework */,
				29B97325FDCFA39411CA2CEA /* Foundation.framework */,
			);
			name = "Other Frameworks";
			sourceTree = "<group>";
		};
		19C28FACFE9D520D11CA2CBB /* Products */ = {
			isa = PBXGroup;
			children = (
				8D1107320486CEB800E47090 /* MPGUI.app */,
				21A588140FF5D508003CF725 /* MPActionTool */,
			);
			name = Products;
			sourceTree = "<group>";
		};
		21A588200FF5D5B3003CF725 /* ActionTool */ = {
			isa = PBXGroup;
			children = (
				21A588340FF5D683003CF725 /* MPActionTool.h */,
				21A588350FF5D683003CF725 /* MPActionTool.m */,
			);
			name = ActionTool;
			sourceTree = "<group>";
		};
		21F165410FE2C04300542AEE /* Products */ = {
			isa = PBXGroup;
			children = (
				21F1654D0FE2C04300542AEE /* MPHelperInstallTool */,
				21F1654F0FE2C04300542AEE /* MPHelperTool */,
				21F165510FE2C04300542AEE /* MacPorts.framework */,
				21F165530FE2C04300542AEE /* Test.octest */,
				21F165550FE2C04300542AEE /* MPHelperToolIPCTester */,
			);
			name = Products;
			sourceTree = "<group>";
		};
		21F166FC0FE32DF000542AEE /* Models */ = {
			isa = PBXGroup;
			children = (
				214BAFE20FE7164200BD1B46 /* MPActionLauncher.h */,
				214BAFE30FE7164200BD1B46 /* MPActionLauncher.m */,
			);
			name = Models;
			sourceTree = "<group>";
		};
		21F167570FE3343600542AEE /* Controllers */ = {
			isa = PBXGroup;
			children = (
				21F167580FE3382D00542AEE /* PortsTableController.h */,
				21F167590FE3382D00542AEE /* PortsTableController.m */,
				21351FB10FEC67780074ACFE /* MPActionsController.h */,
				21351FB20FEC67780074ACFE /* MPActionsController.m */,
			);
			name = Controllers;
			sourceTree = "<group>";
		};
		21FC22620FE888F200B1E835 /* Helpers */ = {
			isa = PBXGroup;
			children = (
				21FC22680FE8895900B1E835 /* StateTransformer.h */,
				21FC22690FE8895900B1E835 /* StateTransformer.m */,
				21FC23390FE8AB0400B1E835 /* StatePredicateTemplate.h */,
				21FC233A0FE8AB0400B1E835 /* StatePredicateTemplate.m */,
			);
			name = Helpers;
			sourceTree = "<group>";
		};
		29B97314FDCFA39411CA2CEA /* MPGUI */ = {
			isa = PBXGroup;
			children = (
				21F165400FE2C04300542AEE /* MacPorts.Framework.xcodeproj */,
				21A588200FF5D5B3003CF725 /* ActionTool */,
				21F166FC0FE32DF000542AEE /* Models */,
				21F167570FE3343600542AEE /* Controllers */,
				21FC22620FE888F200B1E835 /* Helpers */,
				29B97315FDCFA39411CA2CEA /* Other Sources */,
				29B97317FDCFA39411CA2CEA /* Resources */,
				29B97323FDCFA39411CA2CEA /* Frameworks */,
				19C28FACFE9D520D11CA2CBB /* Products */,
			);
			name = MPGUI;
			sourceTree = "<group>";
		};
		29B97315FDCFA39411CA2CEA /* Other Sources */ = {
			isa = PBXGroup;
			children = (
				32CA4F630368D1EE00C91783 /* MPGUI_Prefix.pch */,
				29B97316FDCFA39411CA2CEA /* main.m */,
			);
			name = "Other Sources";
			sourceTree = "<group>";
		};
		29B97317FDCFA39411CA2CEA /* Resources */ = {
			isa = PBXGroup;
			children = (
				21B6A38A0FEDCBD5001DF976 /* TB_Install.icns */,
				21B6A38B0FEDCBD5001DF976 /* TB_Sync.icns */,
				21B6A3930FEDE6CA001DF976 /* TB_Uninstall.icns */,
				21B6A38D0FEDCBD5001DF976 /* TB_Upgrade.icns */,
				21FC226B0FE88A2A00B1E835 /* Installed.tiff */,
				21FC226C0FE88A2A00B1E835 /* Outdated.tiff */,
				8D1107310486CEB800E47090 /* Info.plist */,
				089C165CFE840E0CC02AAC07 /* InfoPlist.strings */,
				1DDD58140DA1D0A300B32029 /* MainMenu.xib */,
			);
			name = Resources;
			sourceTree = "<group>";
		};
		29B97323FDCFA39411CA2CEA /* Frameworks */ = {
			isa = PBXGroup;
			children = (
				1058C7A0FEA54F0111CA2CBB /* Linked Frameworks */,
				1058C7A2FEA54F0111CA2CBB /* Other Frameworks */,
			);
			name = Frameworks;
			sourceTree = "<group>";
		};
/* End PBXGroup section */

/* Begin PBXNativeTarget section */
		21A588130FF5D508003CF725 /* MPActionTool */ = {
			isa = PBXNativeTarget;
			buildConfigurationList = 21A588190FF5D527003CF725 /* Build configuration list for PBXNativeTarget "MPActionTool" */;
			buildPhases = (
				21A588110FF5D508003CF725 /* Sources */,
				21A588120FF5D508003CF725 /* Frameworks */,
			);
			buildRules = (
			);
			dependencies = (
				210632A00FF7CC8100FF0217 /* PBXTargetDependency */,
			);
			name = MPActionTool;
			productName = MPActionTool;
			productReference = 21A588140FF5D508003CF725 /* MPActionTool */;
			productType = "com.apple.product-type.tool";
		};
		8D1107260486CEB800E47090 /* MPGUI */ = {
			isa = PBXNativeTarget;
			buildConfigurationList = C01FCF4A08A954540054247B /* Build configuration list for PBXNativeTarget "MPGUI" */;
			buildPhases = (
				8D1107290486CEB800E47090 /* Resources */,
				21F165890FE2C22D00542AEE /* CopyFiles */,
				21A5894C0FF5E8C6003CF725 /* CopyFiles */,
				8D11072C0486CEB800E47090 /* Sources */,
				8D11072E0486CEB800E47090 /* Frameworks */,
				21FC212A0FE8546700B1E835 /* ShellScript */,
			);
			buildRules = (
			);
			dependencies = (
				21A588E50FF5E09A003CF725 /* PBXTargetDependency */,
				21F165820FE2C17C00542AEE /* PBXTargetDependency */,
			);
			name = MPGUI;
			productInstallPath = "$(HOME)/Applications";
			productName = MPGUI;
			productReference = 8D1107320486CEB800E47090 /* MPGUI.app */;
			productType = "com.apple.product-type.application";
		};
/* End PBXNativeTarget section */

/* Begin PBXProject section */
		29B97313FDCFA39411CA2CEA /* Project object */ = {
			isa = PBXProject;
			buildConfigurationList = C01FCF4E08A954540054247B /* Build configuration list for PBXProject "MPGUI" */;
			compatibilityVersion = "Xcode 3.1";
			hasScannedForEncodings = 1;
			mainGroup = 29B97314FDCFA39411CA2CEA /* MPGUI */;
			projectDirPath = "";
			projectReferences = (
				{
					ProductGroup = 21F165410FE2C04300542AEE /* Products */;
					ProjectRef = 21F165400FE2C04300542AEE /* MacPorts.Framework.xcodeproj */;
				},
			);
			projectRoot = "";
			targets = (
				8D1107260486CEB800E47090 /* MPGUI */,
				21351F530FEC59520074ACFE /* Docs */,
				21A588130FF5D508003CF725 /* MPActionTool */,
			);
		};
/* End PBXProject section */

/* Begin PBXReferenceProxy section */
		21F1654D0FE2C04300542AEE /* MPHelperInstallTool */ = {
			isa = PBXReferenceProxy;
			fileType = "compiled.mach-o.executable";
			path = MPHelperInstallTool;
			remoteRef = 21F1654C0FE2C04300542AEE /* PBXContainerItemProxy */;
			sourceTree = BUILT_PRODUCTS_DIR;
		};
		21F1654F0FE2C04300542AEE /* MPHelperTool */ = {
			isa = PBXReferenceProxy;
			fileType = "compiled.mach-o.executable";
			path = MPHelperTool;
			remoteRef = 21F1654E0FE2C04300542AEE /* PBXContainerItemProxy */;
			sourceTree = BUILT_PRODUCTS_DIR;
		};
		21F165510FE2C04300542AEE /* MacPorts.framework */ = {
			isa = PBXReferenceProxy;
			fileType = wrapper.framework;
			path = MacPorts.framework;
			remoteRef = 21F165500FE2C04300542AEE /* PBXContainerItemProxy */;
			sourceTree = BUILT_PRODUCTS_DIR;
		};
		21F165530FE2C04300542AEE /* Test.octest */ = {
			isa = PBXReferenceProxy;
			fileType = wrapper.cfbundle;
			path = Test.octest;
			remoteRef = 21F165520FE2C04300542AEE /* PBXContainerItemProxy */;
			sourceTree = BUILT_PRODUCTS_DIR;
		};
		21F165550FE2C04300542AEE /* MPHelperToolIPCTester */ = {
			isa = PBXReferenceProxy;
			fileType = "compiled.mach-o.executable";
			path = MPHelperToolIPCTester;
			remoteRef = 21F165540FE2C04300542AEE /* PBXContainerItemProxy */;
			sourceTree = BUILT_PRODUCTS_DIR;
		};
/* End PBXReferenceProxy section */

/* Begin PBXResourcesBuildPhase section */
		8D1107290486CEB800E47090 /* Resources */ = {
			isa = PBXResourcesBuildPhase;
			buildActionMask = 2147483647;
			files = (
				8D11072B0486CEB800E47090 /* InfoPlist.strings in Resources */,
				1DDD58160DA1D0A300B32029 /* MainMenu.xib in Resources */,
				21FC226D0FE88A2A00B1E835 /* Installed.tiff in Resources */,
				21FC226E0FE88A2A00B1E835 /* Outdated.tiff in Resources */,
				21B6A38E0FEDCBD5001DF976 /* TB_Install.icns in Resources */,
				21B6A38F0FEDCBD5001DF976 /* TB_Sync.icns in Resources */,
				21B6A3910FEDCBD5001DF976 /* TB_Upgrade.icns in Resources */,
				21B6A3940FEDE6CA001DF976 /* TB_Uninstall.icns in Resources */,
			);
			runOnlyForDeploymentPostprocessing = 0;
		};
/* End PBXResourcesBuildPhase section */

/* Begin PBXShellScriptBuildPhase section */
		21351F520FEC59520074ACFE /* ShellScript */ = {
			isa = PBXShellScriptBuildPhase;
			buildActionMask = 2147483647;
			files = (
			);
			inputPaths = (
			);
			outputPaths = (
			);
			runOnlyForDeploymentPostprocessing = 0;
			shellPath = /bin/sh;
			shellScript = "BASEDIR=`pwd`\nDOCDIR=build/Documentation\nif [ ! -d $DOCDIR ]; then\n\tmkdir $DOCDIR\nfi\ncd $DOCDIR\nheaderdoc2html -u -o HTML $BASEDIR/*.h* && gatherheaderdoc HTML index.html";
		};
		21FC212A0FE8546700B1E835 /* ShellScript */ = {
			isa = PBXShellScriptBuildPhase;
			buildActionMask = 2147483647;
			files = (
			);
			inputPaths = (
				"$(PROJECT_DIR)/../base/",
			);
			outputPaths = (
				"$BUILT_PRODUCTS_DIR/macports-1.8",
			);
			runOnlyForDeploymentPostprocessing = 0;
			shellPath = /bin/bash;
			shellScript = "if [ \"$CONFIGURATION\" = \"Debug-InstallMacPorts\" ]; then\n  say \"Building MacPorts\"\n  PREFIX=$BUILT_PRODUCTS_DIR/macports-1.8\n\n  cd $PROJECT_DIR/../base\n\n  PATH=/bin:/sbin:/usr/bin:/usr/sbin \\\n  ./configure \\\n  --prefix=$PREFIX \\\n  --with-tclpackage=$PREFIX/Library/Tcl \\\n  --with-no-root-privileges\n\n  make\n\n  make install\n\n  make clean\n  $PREFIX/bin/port selfupdate\n  say \"done\"\n\nfi";
		};
/* End PBXShellScriptBuildPhase section */

/* Begin PBXSourcesBuildPhase section */
		21A588110FF5D508003CF725 /* Sources */ = {
			isa = PBXSourcesBuildPhase;
			buildActionMask = 2147483647;
			files = (
				21A588360FF5D683003CF725 /* MPActionTool.m in Sources */,
			);
			runOnlyForDeploymentPostprocessing = 0;
		};
		8D11072C0486CEB800E47090 /* Sources */ = {
			isa = PBXSourcesBuildPhase;
			buildActionMask = 2147483647;
			files = (
				8D11072D0486CEB800E47090 /* main.m in Sources */,
				21F1675A0FE3382D00542AEE /* PortsTableController.m in Sources */,
				214BAFE40FE7164200BD1B46 /* MPActionLauncher.m in Sources */,
				21FC226A0FE8895900B1E835 /* StateTransformer.m in Sources */,
				21FC233B0FE8AB0400B1E835 /* StatePredicateTemplate.m in Sources */,
				21351FB30FEC67780074ACFE /* MPActionsController.m in Sources */,
			);
			runOnlyForDeploymentPostprocessing = 0;
		};
/* End PBXSourcesBuildPhase section */

/* Begin PBXTargetDependency section */
		210632A00FF7CC8100FF0217 /* PBXTargetDependency */ = {
			isa = PBXTargetDependency;
			name = MacPorts;
			targetProxy = 2106329F0FF7CC8100FF0217 /* PBXContainerItemProxy */;
		};
		21A588E50FF5E09A003CF725 /* PBXTargetDependency */ = {
			isa = PBXTargetDependency;
			target = 21A588130FF5D508003CF725 /* MPActionTool */;
			targetProxy = 21A588E40FF5E09A003CF725 /* PBXContainerItemProxy */;
		};
		21F165820FE2C17C00542AEE /* PBXTargetDependency */ = {
			isa = PBXTargetDependency;
			name = MacPorts;
			targetProxy = 21F165810FE2C17C00542AEE /* PBXContainerItemProxy */;
		};
/* End PBXTargetDependency section */

/* Begin PBXVariantGroup section */
		089C165CFE840E0CC02AAC07 /* InfoPlist.strings */ = {
			isa = PBXVariantGroup;
			children = (
				089C165DFE840E0CC02AAC07 /* English */,
			);
			name = InfoPlist.strings;
			sourceTree = "<group>";
		};
		1DDD58140DA1D0A300B32029 /* MainMenu.xib */ = {
			isa = PBXVariantGroup;
			children = (
				1DDD58150DA1D0A300B32029 /* English */,
			);
			name = MainMenu.xib;
			sourceTree = "<group>";
		};
/* End PBXVariantGroup section */

/* Begin XCBuildConfiguration section */
		21351F540FEC59520074ACFE /* Debug */ = {
			isa = XCBuildConfiguration;
			buildSettings = {
				COPY_PHASE_STRIP = NO;
				GCC_DYNAMIC_NO_PIC = NO;
				GCC_OPTIMIZATION_LEVEL = 0;
				PRODUCT_NAME = Docs;
			};
			name = Debug;
		};
		21351F550FEC59520074ACFE /* Debug-InstallMacPorts */ = {
			isa = XCBuildConfiguration;
			buildSettings = {
				PRODUCT_NAME = Docs;
			};
			name = "Debug-InstallMacPorts";
		};
		21351F560FEC59520074ACFE /* Release */ = {
			isa = XCBuildConfiguration;
			buildSettings = {
				COPY_PHASE_STRIP = YES;
				DEBUG_INFORMATION_FORMAT = "dwarf-with-dsym";
				GCC_ENABLE_FIX_AND_CONTINUE = NO;
				PRODUCT_NAME = Docs;
				ZERO_LINK = NO;
			};
			name = Release;
		};
		21A588160FF5D509003CF725 /* Debug */ = {
			isa = XCBuildConfiguration;
			buildSettings = {
				ALWAYS_SEARCH_USER_PATHS = NO;
				COPY_PHASE_STRIP = NO;
				GCC_DYNAMIC_NO_PIC = NO;
				GCC_ENABLE_FIX_AND_CONTINUE = YES;
				GCC_MODEL_TUNING = G5;
				GCC_OPTIMIZATION_LEVEL = 0;
				GCC_PRECOMPILE_PREFIX_HEADER = YES;
				GCC_PREFIX_HEADER = "$(SYSTEM_LIBRARY_DIR)/Frameworks/AppKit.framework/Headers/AppKit.h";
				INSTALL_PATH = /usr/local/bin;
				OTHER_LDFLAGS = (
					"-framework",
					Foundation,
					"-framework",
					AppKit,
				);
				PREBINDING = NO;
				PRODUCT_NAME = MPActionTool;
			};
			name = Debug;
		};
		21A588170FF5D509003CF725 /* Debug-InstallMacPorts */ = {
			isa = XCBuildConfiguration;
			buildSettings = {
				ALWAYS_SEARCH_USER_PATHS = NO;
				GCC_ENABLE_FIX_AND_CONTINUE = YES;
				GCC_MODEL_TUNING = G5;
				GCC_PRECOMPILE_PREFIX_HEADER = YES;
				GCC_PREFIX_HEADER = "$(SYSTEM_LIBRARY_DIR)/Frameworks/AppKit.framework/Headers/AppKit.h";
				INSTALL_PATH = /usr/local/bin;
				OTHER_LDFLAGS = (
					"-framework",
					Foundation,
					"-framework",
					AppKit,
				);
				PREBINDING = NO;
				PRODUCT_NAME = MPActionTool;
			};
			name = "Debug-InstallMacPorts";
		};
		21A588180FF5D509003CF725 /* Release */ = {
			isa = XCBuildConfiguration;
			buildSettings = {
				ALWAYS_SEARCH_USER_PATHS = NO;
				COPY_PHASE_STRIP = YES;
				DEBUG_INFORMATION_FORMAT = "dwarf-with-dsym";
				GCC_ENABLE_FIX_AND_CONTINUE = NO;
				GCC_MODEL_TUNING = G5;
				GCC_PRECOMPILE_PREFIX_HEADER = YES;
				GCC_PREFIX_HEADER = "$(SYSTEM_LIBRARY_DIR)/Frameworks/AppKit.framework/Headers/AppKit.h";
				INSTALL_PATH = /usr/local/bin;
				OTHER_LDFLAGS = (
					"-framework",
					Foundation,
					"-framework",
					AppKit,
				);
				PREBINDING = NO;
				PRODUCT_NAME = MPActionTool;
				ZERO_LINK = NO;
			};
			name = Release;
		};
		21FC211D0FE84F7F00B1E835 /* Debug-InstallMacPorts */ = {
			isa = XCBuildConfiguration;
			buildSettings = {
				ARCHS = "$(ARCHS_STANDARD_32_BIT)";
				GCC_C_LANGUAGE_STANDARD = c99;
				GCC_ENABLE_OBJC_GC = required;
				GCC_OPTIMIZATION_LEVEL = 0;
				GCC_WARN_ABOUT_RETURN_TYPE = YES;
				GCC_WARN_UNUSED_VARIABLE = YES;
				ONLY_ACTIVE_ARCH = NO;
				PREBINDING = NO;
				SDKROOT = macosx10.5;
			};
			name = "Debug-InstallMacPorts";
		};
		21FC211E0FE84F7F00B1E835 /* Debug-InstallMacPorts */ = {
			isa = XCBuildConfiguration;
			buildSettings = {
				ALWAYS_SEARCH_USER_PATHS = NO;
				COPY_PHASE_STRIP = NO;
				FRAMEWORK_SEARCH_PATHS = (
					"$(inherited)",
					"\"$(SRCROOT)/../MacPorts_Framework/build/Debug\"",
				);
				GCC_DYNAMIC_NO_PIC = NO;
				GCC_ENABLE_FIX_AND_CONTINUE = YES;
				GCC_MODEL_TUNING = G5;
				GCC_OPTIMIZATION_LEVEL = 0;
				GCC_PRECOMPILE_PREFIX_HEADER = YES;
				GCC_PREFIX_HEADER = MPGUI_Prefix.pch;
				INFOPLIST_FILE = Info.plist;
				INSTALL_PATH = "$(HOME)/Applications";
				PRODUCT_NAME = MPGUI;
			};
			name = "Debug-InstallMacPorts";
		};
		C01FCF4B08A954540054247B /* Debug */ = {
			isa = XCBuildConfiguration;
			buildSettings = {
				ALWAYS_SEARCH_USER_PATHS = NO;
				COPY_PHASE_STRIP = NO;
				FRAMEWORK_SEARCH_PATHS = (
					"$(inherited)",
					"\"$(SRCROOT)/../MacPorts_Framework/build/Debug\"",
				);
				GCC_DYNAMIC_NO_PIC = NO;
				GCC_ENABLE_FIX_AND_CONTINUE = YES;
				GCC_MODEL_TUNING = G5;
				GCC_OPTIMIZATION_LEVEL = 0;
				GCC_PRECOMPILE_PREFIX_HEADER = YES;
				GCC_PREFIX_HEADER = MPGUI_Prefix.pch;
				INFOPLIST_FILE = Info.plist;
				INSTALL_PATH = "$(HOME)/Applications";
				PRODUCT_NAME = MPGUI;
			};
			name = Debug;
		};
		C01FCF4C08A954540054247B /* Release */ = {
			isa = XCBuildConfiguration;
			buildSettings = {
				ALWAYS_SEARCH_USER_PATHS = NO;
				DEBUG_INFORMATION_FORMAT = "dwarf-with-dsym";
				FRAMEWORK_SEARCH_PATHS = (
					"$(inherited)",
					"\"$(SRCROOT)/../MacPorts_Framework/build/Debug\"",
				);
				GCC_MODEL_TUNING = G5;
				GCC_PRECOMPILE_PREFIX_HEADER = YES;
				GCC_PREFIX_HEADER = MPGUI_Prefix.pch;
				INFOPLIST_FILE = Info.plist;
				INSTALL_PATH = "$(HOME)/Applications";
				PRODUCT_NAME = MPGUI;
			};
			name = Release;
		};
		C01FCF4F08A954540054247B /* Debug */ = {
			isa = XCBuildConfiguration;
			buildSettings = {
				ARCHS = "$(ARCHS_STANDARD_32_BIT)";
				GCC_C_LANGUAGE_STANDARD = c99;
				GCC_ENABLE_OBJC_GC = required;
				GCC_OPTIMIZATION_LEVEL = 0;
				GCC_WARN_ABOUT_RETURN_TYPE = YES;
				GCC_WARN_UNUSED_VARIABLE = YES;
				ONLY_ACTIVE_ARCH = NO;
				PREBINDING = NO;
				SDKROOT = macosx10.5;
			};
			name = Debug;
		};
		C01FCF5008A954540054247B /* Release */ = {
			isa = XCBuildConfiguration;
			buildSettings = {
				ARCHS = "$(ARCHS_STANDARD_32_BIT)";
				GCC_C_LANGUAGE_STANDARD = c99;
				GCC_WARN_ABOUT_RETURN_TYPE = YES;
				GCC_WARN_UNUSED_VARIABLE = YES;
				PREBINDING = NO;
				SDKROOT = macosx10.5;
			};
			name = Release;
		};
/* End XCBuildConfiguration section */

/* Begin XCConfigurationList section */
		21351F5D0FEC597F0074ACFE /* Build configuration list for PBXAggregateTarget "Docs" */ = {
			isa = XCConfigurationList;
			buildConfigurations = (
				21351F540FEC59520074ACFE /* Debug */,
				21351F550FEC59520074ACFE /* Debug-InstallMacPorts */,
				21351F560FEC59520074ACFE /* Release */,
			);
			defaultConfigurationIsVisible = 0;
			defaultConfigurationName = Release;
		};
		21A588190FF5D527003CF725 /* Build configuration list for PBXNativeTarget "MPActionTool" */ = {
			isa = XCConfigurationList;
			buildConfigurations = (
				21A588160FF5D509003CF725 /* Debug */,
				21A588170FF5D509003CF725 /* Debug-InstallMacPorts */,
				21A588180FF5D509003CF725 /* Release */,
			);
			defaultConfigurationIsVisible = 0;
			defaultConfigurationName = Release;
		};
		C01FCF4A08A954540054247B /* Build configuration list for PBXNativeTarget "MPGUI" */ = {
			isa = XCConfigurationList;
			buildConfigurations = (
				C01FCF4B08A954540054247B /* Debug */,
				21FC211E0FE84F7F00B1E835 /* Debug-InstallMacPorts */,
				C01FCF4C08A954540054247B /* Release */,
			);
			defaultConfigurationIsVisible = 0;
			defaultConfigurationName = Release;
		};
		C01FCF4E08A954540054247B /* Build configuration list for PBXProject "MPGUI" */ = {
			isa = XCConfigurationList;
			buildConfigurations = (
				C01FCF4F08A954540054247B /* Debug */,
				21FC211D0FE84F7F00B1E835 /* Debug-InstallMacPorts */,
				C01FCF5008A954540054247B /* Release */,
			);
			defaultConfigurationIsVisible = 0;
			defaultConfigurationName = Release;
		};
/* End XCConfigurationList section */
	};
	rootObject = 29B97313FDCFA39411CA2CEA /* Project object */;
}
