// !$*UTF8*$!
{
	archiveVersion = 1;
	classes = {
	};
	objectVersion = 42;
	objects = {

/* Begin PBXBuildFile section */
		480062BF0B597D9A005F27E4 /* PAStatusTransformer.m in Sources */ = {isa = PBXBuildFile; fileRef = 480062BE0B597D9A005F27E4 /* PAStatusTransformer.m */; };
		481B84120BA254A4000D1385 /* Security.framework in Frameworks */ = {isa = PBXBuildFile; fileRef = 4854CE0F0B420D8C00950EE4 /* Security.framework */; };
		4828C6310AD7B84D002AF0DD /* TaskWrapper.m in Sources */ = {isa = PBXBuildFile; fileRef = 4828C6300AD7B84D002AF0DD /* TaskWrapper.m */; };
		483A5E460B57A50900712840 /* MPPortsController.m in Sources */ = {isa = PBXBuildFile; fileRef = 483A5E450B57A50900712840 /* MPPortsController.m */; };
		4844B92B0AD91F5800A4A4DB /* UserDefaults.plist in Resources */ = {isa = PBXBuildFile; fileRef = 4844B92A0AD91F5800A4A4DB /* UserDefaults.plist */; };
		4875A7410B468DEB00FDDC21 /* ApplicationIconBusy.icns in Resources */ = {isa = PBXBuildFile; fileRef = 4875A7400B468DEB00FDDC21 /* ApplicationIconBusy.icns */; };
		4875A77A0B46955800FDDC21 /* Launcher in Resources */ = {isa = PBXBuildFile; fileRef = 48ACD78B0B42846B00D34B4C /* Launcher */; };
		4875A9520B4839AA00FDDC21 /* outdated.gif in Resources */ = {isa = PBXBuildFile; fileRef = 4875A9510B4839AA00FDDC21 /* outdated.gif */; };
		4875A9540B4839C000FDDC21 /* active.gif in Resources */ = {isa = PBXBuildFile; fileRef = 4875A9530B4839C000FDDC21 /* active.gif */; };
		4875A9560B4839D700FDDC21 /* installed.gif in Resources */ = {isa = PBXBuildFile; fileRef = 4875A9550B4839D700FDDC21 /* installed.gif */; };
		487EB9170B45335D001B0F72 /* Cocoa.framework in Frameworks */ = {isa = PBXBuildFile; fileRef = 1058C7A1FEA54F0111CA2CBB /* Cocoa.framework */; };
		487EB9270B4533BC001B0F72 /* Launcher.c in Sources */ = {isa = PBXBuildFile; fileRef = 48BBCE7D0B41B2450063A19F /* Launcher.c */; };
		487EB9280B4533CB001B0F72 /* getpath.c in Sources */ = {isa = PBXBuildFile; fileRef = 48BBCE870B41B37F0063A19F /* getpath.c */; };
		487EB9490B453786001B0F72 /* AuthorizedExecutable.m in Sources */ = {isa = PBXBuildFile; fileRef = 487EB9480B453786001B0F72 /* AuthorizedExecutable.m */; };
		48A284020C608C9800D1AC4B /* MPInterp.m in Sources */ = {isa = PBXBuildFile; fileRef = 48CD13180BBE6C24002B0D0E /* MPInterp.m */; };
		48A284030C608C9800D1AC4B /* MPObject.m in Sources */ = {isa = PBXBuildFile; fileRef = 48CD131A0BBE6C24002B0D0E /* MPObject.m */; };
		48AA3F9D0C93F85800C6AC60 /* MacPorts.framework in Frameworks */ = {isa = PBXBuildFile; fileRef = 48AA3F950C93F85800C6AC60 /* MacPorts.framework */; };
		48AA3F9E0C93F85800C6AC60 /* MacPorts.framework in Frameworks */ = {isa = PBXBuildFile; fileRef = 48AA3F950C93F85800C6AC60 /* MacPorts.framework */; };
		48AB404E0CEDB033000BA2E3 /* Localizable.strings in Resources */ = {isa = PBXBuildFile; fileRef = 48AB404D0CEDB033000BA2E3 /* Localizable.strings */; };
		48ACD7930B4284A400D34B4C /* Security.framework in Frameworks */ = {isa = PBXBuildFile; fileRef = 4854CE0F0B420D8C00950EE4 /* Security.framework */; };
		48B63D820BCA40760028248A /* CFLib.c in Sources */ = {isa = PBXBuildFile; fileRef = 48B63D810BCA40760028248A /* CFLib.c */; };
		48C570FC0C46287D002EC172 /* MPAgent.m in Sources */ = {isa = PBXBuildFile; fileRef = 48CD13150BBE6C24002B0D0E /* MPAgent.m */; };
		48C570FD0C46287D002EC172 /* main.m in Sources */ = {isa = PBXBuildFile; fileRef = 48CD130A0BBE6B02002B0D0E /* main.m */; };
		48D470190AD6867C00352CE9 /* PortAuthority.m in Sources */ = {isa = PBXBuildFile; fileRef = 48D470180AD6867C00352CE9 /* PortAuthority.m */; };
		48D470790AD6CFFB00352CE9 /* MPToolbar.m in Sources */ = {isa = PBXBuildFile; fileRef = 48D470780AD6CFFB00352CE9 /* MPToolbar.m */; };
		48D470C90AD7256700352CE9 /* Remove.tiff in Resources */ = {isa = PBXBuildFile; fileRef = 48D470C70AD7256600352CE9 /* Remove.tiff */; };
		48D470CA0AD7256700352CE9 /* Halt.tiff in Resources */ = {isa = PBXBuildFile; fileRef = 48D470C80AD7256700352CE9 /* Halt.tiff */; };
		48D4718D0AD73ECD00352CE9 /* Sync.tiff in Resources */ = {isa = PBXBuildFile; fileRef = 48D4718A0AD73ECD00352CE9 /* Sync.tiff */; };
		48D4718E0AD73ECD00352CE9 /* Update.tiff in Resources */ = {isa = PBXBuildFile; fileRef = 48D4718B0AD73ECD00352CE9 /* Update.tiff */; };
		48D4718F0AD73ECD00352CE9 /* Upgrade.tiff in Resources */ = {isa = PBXBuildFile; fileRef = 48D4718C0AD73ECD00352CE9 /* Upgrade.tiff */; };
		48D471FB0AD7A99500352CE9 /* Install.tiff in Resources */ = {isa = PBXBuildFile; fileRef = 48D471FA0AD7A99500352CE9 /* Install.tiff */; };
		48D4721F0AD7B10600352CE9 /* ApplicationIcon.icns in Resources */ = {isa = PBXBuildFile; fileRef = 48D4721E0AD7B10600352CE9 /* ApplicationIcon.icns */; };
		48D5EF700BDE169B003EE169 /* Tcl.framework in Frameworks */ = {isa = PBXBuildFile; fileRef = 48EE4F7C0B515B7D0066DCBA /* Tcl.framework */; };
		48EE4F7D0B515B7D0066DCBA /* Tcl.framework in Frameworks */ = {isa = PBXBuildFile; fileRef = 48EE4F7C0B515B7D0066DCBA /* Tcl.framework */; };
		48F00D280BD773D500F2E7D8 /* IFVerticallyExpandingTextField.m in Sources */ = {isa = PBXBuildFile; fileRef = 48F00D270BD773D500F2E7D8 /* IFVerticallyExpandingTextField.m */; };
		48F8D5810C0994AE0058A4EF /* MPInterp.m in Sources */ = {isa = PBXBuildFile; fileRef = 48CD13180BBE6C24002B0D0E /* MPInterp.m */; };
		48F8D5820C0994AE0058A4EF /* MPObject.m in Sources */ = {isa = PBXBuildFile; fileRef = 48CD131A0BBE6C24002B0D0E /* MPObject.m */; };
		6E88D3190DF5BC0600684E9F /* Installed.tiff in Resources */ = {isa = PBXBuildFile; fileRef = 6E88D3170DF5BC0500684E9F /* Installed.tiff */; };
		6E88D31A0DF5BC0600684E9F /* Outdated.tiff in Resources */ = {isa = PBXBuildFile; fileRef = 6E88D3180DF5BC0600684E9F /* Outdated.tiff */; };
		8D11072A0486CEB800E47090 /* MainMenu.nib in Resources */ = {isa = PBXBuildFile; fileRef = 29B97318FDCFA39411CA2CEA /* MainMenu.nib */; };
		8D11072B0486CEB800E47090 /* InfoPlist.strings in Resources */ = {isa = PBXBuildFile; fileRef = 089C165CFE840E0CC02AAC07 /* InfoPlist.strings */; };
		8D11072D0486CEB800E47090 /* main.m in Sources */ = {isa = PBXBuildFile; fileRef = 29B97316FDCFA39411CA2CEA /* main.m */; settings = {ATTRIBUTES = (); }; };
		8D11072F0486CEB800E47090 /* Cocoa.framework in Frameworks */ = {isa = PBXBuildFile; fileRef = 1058C7A1FEA54F0111CA2CBB /* Cocoa.framework */; };
/* End PBXBuildFile section */

/* Begin PBXContainerItemProxy section */
		4875A8BD0B46FE9000FDDC21 /* PBXContainerItemProxy */ = {
			isa = PBXContainerItemProxy;
			containerPortal = 29B97313FDCFA39411CA2CEA /* Project object */;
			proxyType = 1;
			remoteGlobalIDString = 48ACD78A0B42846B00D34B4C;
			remoteInfo = Launcher;
		};
/* End PBXContainerItemProxy section */

/* Begin PBXFileReference section */
		089C165DFE840E0CC02AAC07 /* English */ = {isa = PBXFileReference; fileEncoding = 10; lastKnownFileType = text.plist.strings; name = English; path = English.lproj/InfoPlist.strings; sourceTree = "<group>"; };
		1058C7A1FEA54F0111CA2CBB /* Cocoa.framework */ = {isa = PBXFileReference; lastKnownFileType = wrapper.framework; name = Cocoa.framework; path = /System/Library/Frameworks/Cocoa.framework; sourceTree = "<absolute>"; };
		13E42FB307B3F0F600E4EEF1 /* CoreData.framework */ = {isa = PBXFileReference; lastKnownFileType = wrapper.framework; name = CoreData.framework; path = /System/Library/Frameworks/CoreData.framework; sourceTree = "<absolute>"; };
		29B97316FDCFA39411CA2CEA /* main.m */ = {isa = PBXFileReference; fileEncoding = 4; lastKnownFileType = sourcecode.c.objc; path = main.m; sourceTree = "<group>"; };
		29B97319FDCFA39411CA2CEA /* English */ = {isa = PBXFileReference; lastKnownFileType = wrapper.nib; name = English; path = English.lproj/MainMenu.nib; sourceTree = "<group>"; };
		29B97324FDCFA39411CA2CEA /* AppKit.framework */ = {isa = PBXFileReference; lastKnownFileType = wrapper.framework; name = AppKit.framework; path = /System/Library/Frameworks/AppKit.framework; sourceTree = "<absolute>"; };
		29B97325FDCFA39411CA2CEA /* Foundation.framework */ = {isa = PBXFileReference; lastKnownFileType = wrapper.framework; name = Foundation.framework; path = /System/Library/Frameworks/Foundation.framework; sourceTree = "<absolute>"; };
		32CA4F630368D1EE00C91783 /* Port Authority_Prefix.pch */ = {isa = PBXFileReference; fileEncoding = 4; lastKnownFileType = sourcecode.c.h; path = "Port Authority_Prefix.pch"; sourceTree = "<group>"; };
		480062BD0B597D9A005F27E4 /* PAStatusTransformer.h */ = {isa = PBXFileReference; fileEncoding = 4; lastKnownFileType = sourcecode.c.h; path = PAStatusTransformer.h; sourceTree = "<group>"; };
		480062BE0B597D9A005F27E4 /* PAStatusTransformer.m */ = {isa = PBXFileReference; fileEncoding = 4; lastKnownFileType = sourcecode.c.objc; path = PAStatusTransformer.m; sourceTree = "<group>"; };
		4828C62F0AD7B84D002AF0DD /* TaskWrapper.h */ = {isa = PBXFileReference; fileEncoding = 30; lastKnownFileType = sourcecode.c.h; path = TaskWrapper.h; sourceTree = "<group>"; };
		4828C6300AD7B84D002AF0DD /* TaskWrapper.m */ = {isa = PBXFileReference; fileEncoding = 30; lastKnownFileType = sourcecode.c.objc; path = TaskWrapper.m; sourceTree = "<group>"; };
		482C61C90BD225F400F7AC59 /* PalletHelper */ = {isa = PBXFileReference; explicitFileType = "compiled.mach-o.executable"; includeInIndex = 0; path = PalletHelper; sourceTree = BUILT_PRODUCTS_DIR; };
		482C61D40BD2286700F7AC59 /* main.m */ = {isa = PBXFileReference; fileEncoding = 4; lastKnownFileType = sourcecode.c.objc; name = main.m; path = Helper/main.m; sourceTree = "<group>"; };
		483A5E440B57A50900712840 /* MPPortsController.h */ = {isa = PBXFileReference; fileEncoding = 30; lastKnownFileType = sourcecode.c.h; path = MPPortsController.h; sourceTree = "<group>"; };
		483A5E450B57A50900712840 /* MPPortsController.m */ = {isa = PBXFileReference; fileEncoding = 30; lastKnownFileType = sourcecode.c.objc; path = MPPortsController.m; sourceTree = "<group>"; };
		4844B92A0AD91F5800A4A4DB /* UserDefaults.plist */ = {isa = PBXFileReference; fileEncoding = 4; lastKnownFileType = text.plist; path = UserDefaults.plist; sourceTree = "<group>"; };
		4854CE0F0B420D8C00950EE4 /* Security.framework */ = {isa = PBXFileReference; lastKnownFileType = wrapper.framework; name = Security.framework; path = /System/Library/Frameworks/Security.framework; sourceTree = "<absolute>"; };
		4854CE6A0B42107000950EE4 /* Launcher_Prefix.pch */ = {isa = PBXFileReference; fileEncoding = 30; lastKnownFileType = sourcecode.c.h; path = Launcher_Prefix.pch; sourceTree = "<group>"; };
		4875A7400B468DEB00FDDC21 /* ApplicationIconBusy.icns */ = {isa = PBXFileReference; lastKnownFileType = image.icns; path = ApplicationIconBusy.icns; sourceTree = "<group>"; };
		4875A9510B4839AA00FDDC21 /* outdated.gif */ = {isa = PBXFileReference; lastKnownFileType = image.gif; path = outdated.gif; sourceTree = "<group>"; };
		4875A9530B4839C000FDDC21 /* active.gif */ = {isa = PBXFileReference; lastKnownFileType = image.gif; path = active.gif; sourceTree = "<group>"; };
		4875A9550B4839D700FDDC21 /* installed.gif */ = {isa = PBXFileReference; lastKnownFileType = image.gif; path = installed.gif; sourceTree = "<group>"; };
		487EB9470B453785001B0F72 /* AuthorizedExecutable.h */ = {isa = PBXFileReference; fileEncoding = 30; lastKnownFileType = sourcecode.c.h; path = AuthorizedExecutable.h; sourceTree = "<group>"; };
		487EB9480B453786001B0F72 /* AuthorizedExecutable.m */ = {isa = PBXFileReference; fileEncoding = 30; lastKnownFileType = sourcecode.c.objc; path = AuthorizedExecutable.m; sourceTree = "<group>"; };
		48AA3F950C93F85800C6AC60 /* MacPorts.framework */ = {isa = PBXFileReference; lastKnownFileType = wrapper.framework; name = MacPorts.framework; path = /Library/Frameworks/MacPorts.framework; sourceTree = "<absolute>"; };
		48AB40450CEDB00D000BA2E3 /* English */ = {isa = PBXFileReference; fileEncoding = 30; lastKnownFileType = text.plist.strings; name = English; path = English.lproj/Localizable.strings; sourceTree = "<group>"; };
		48ACD78B0B42846B00D34B4C /* Launcher */ = {isa = PBXFileReference; explicitFileType = "compiled.mach-o.executable"; includeInIndex = 0; path = Launcher; sourceTree = BUILT_PRODUCTS_DIR; };
		48ACD7D10B42855600D34B4C /* Launcher.h */ = {isa = PBXFileReference; fileEncoding = 4; lastKnownFileType = sourcecode.c.h; path = Launcher.h; sourceTree = "<group>"; };
		48ACD7D20B42855600D34B4C /* Launcher.m */ = {isa = PBXFileReference; fileEncoding = 4; lastKnownFileType = sourcecode.c.objc; path = Launcher.m; sourceTree = "<group>"; };
		48AFB8B70BA4E20300896AF1 /* Debug.h */ = {isa = PBXFileReference; fileEncoding = 4; lastKnownFileType = sourcecode.c.h; path = Debug.h; sourceTree = "<group>"; };
		48B63D810BCA40760028248A /* CFLib.c */ = {isa = PBXFileReference; fileEncoding = 30; lastKnownFileType = sourcecode.c.c; path = CFLib.c; sourceTree = "<group>"; };
		48BBCE7D0B41B2450063A19F /* Launcher.c */ = {isa = PBXFileReference; fileEncoding = 4; lastKnownFileType = sourcecode.c.c; path = Launcher.c; sourceTree = "<group>"; };
		48BBCE870B41B37F0063A19F /* getpath.c */ = {isa = PBXFileReference; fileEncoding = 30; lastKnownFileType = sourcecode.c.c; path = getpath.c; sourceTree = "<group>"; };
		48C571A30C465ADE002EC172 /* PalletHelper.h */ = {isa = PBXFileReference; fileEncoding = 4; lastKnownFileType = sourcecode.c.h; name = PalletHelper.h; path = Helper/PalletHelper.h; sourceTree = "<group>"; };
		48C571A40C465ADE002EC172 /* PalletHelper.m */ = {isa = PBXFileReference; fileEncoding = 4; lastKnownFileType = sourcecode.c.objc; name = PalletHelper.m; path = Helper/PalletHelper.m; sourceTree = "<group>"; };
		48CD130A0BBE6B02002B0D0E /* main.m */ = {isa = PBXFileReference; fileEncoding = 30; lastKnownFileType = sourcecode.c.objc; path = main.m; sourceTree = "<group>"; };
		48CD13140BBE6C24002B0D0E /* MPAgent.h */ = {isa = PBXFileReference; fileEncoding = 30; lastKnownFileType = sourcecode.c.h; path = MPAgent.h; sourceTree = "<group>"; };
		48CD13150BBE6C24002B0D0E /* MPAgent.m */ = {isa = PBXFileReference; fileEncoding = 30; lastKnownFileType = sourcecode.c.objc; path = MPAgent.m; sourceTree = "<group>"; };
		48CD13160BBE6C24002B0D0E /* MPAgentProtocol.h */ = {isa = PBXFileReference; fileEncoding = 30; lastKnownFileType = sourcecode.c.h; path = MPAgentProtocol.h; sourceTree = "<group>"; };
		48CD13170BBE6C24002B0D0E /* MPInterp.h */ = {isa = PBXFileReference; fileEncoding = 30; lastKnownFileType = sourcecode.c.h; path = MPInterp.h; sourceTree = "<group>"; };
		48CD13180BBE6C24002B0D0E /* MPInterp.m */ = {isa = PBXFileReference; fileEncoding = 30; lastKnownFileType = sourcecode.c.objc; path = MPInterp.m; sourceTree = "<group>"; };
		48CD13190BBE6C24002B0D0E /* MPObject.h */ = {isa = PBXFileReference; fileEncoding = 30; lastKnownFileType = sourcecode.c.h; path = MPObject.h; sourceTree = "<group>"; };
		48CD131A0BBE6C24002B0D0E /* MPObject.m */ = {isa = PBXFileReference; fileEncoding = 30; lastKnownFileType = sourcecode.c.objc; path = MPObject.m; sourceTree = "<group>"; };
		48D470170AD6867B00352CE9 /* PortAuthority.h */ = {isa = PBXFileReference; fileEncoding = 30; lastKnownFileType = sourcecode.c.h; path = PortAuthority.h; sourceTree = "<group>"; };
		48D470180AD6867C00352CE9 /* PortAuthority.m */ = {isa = PBXFileReference; fileEncoding = 30; lastKnownFileType = sourcecode.c.objc; path = PortAuthority.m; sourceTree = "<group>"; };
		48D470770AD6CFFB00352CE9 /* MPToolbar.h */ = {isa = PBXFileReference; fileEncoding = 4; lastKnownFileType = sourcecode.c.h; path = MPToolbar.h; sourceTree = "<group>"; };
		48D470780AD6CFFB00352CE9 /* MPToolbar.m */ = {isa = PBXFileReference; fileEncoding = 4; lastKnownFileType = sourcecode.c.objc; path = MPToolbar.m; sourceTree = "<group>"; };
		48D470C70AD7256600352CE9 /* Remove.tiff */ = {isa = PBXFileReference; lastKnownFileType = image.tiff; path = Remove.tiff; sourceTree = "<group>"; };
		48D470C80AD7256700352CE9 /* Halt.tiff */ = {isa = PBXFileReference; lastKnownFileType = image.tiff; path = Halt.tiff; sourceTree = "<group>"; };
		48D4718A0AD73ECD00352CE9 /* Sync.tiff */ = {isa = PBXFileReference; lastKnownFileType = image.tiff; path = Sync.tiff; sourceTree = "<group>"; };
		48D4718B0AD73ECD00352CE9 /* Update.tiff */ = {isa = PBXFileReference; lastKnownFileType = image.tiff; path = Update.tiff; sourceTree = "<group>"; };
		48D4718C0AD73ECD00352CE9 /* Upgrade.tiff */ = {isa = PBXFileReference; lastKnownFileType = image.tiff; path = Upgrade.tiff; sourceTree = "<group>"; };
		48D471FA0AD7A99500352CE9 /* Install.tiff */ = {isa = PBXFileReference; lastKnownFileType = image.tiff; path = Install.tiff; sourceTree = "<group>"; };
		48D4721E0AD7B10600352CE9 /* ApplicationIcon.icns */ = {isa = PBXFileReference; lastKnownFileType = image.icns; path = ApplicationIcon.icns; sourceTree = "<group>"; };
		48EE4F7C0B515B7D0066DCBA /* Tcl.framework */ = {isa = PBXFileReference; lastKnownFileType = wrapper.framework; name = Tcl.framework; path = /System/Library/Frameworks/Tcl.framework; sourceTree = "<absolute>"; };
		48F00D180BD7738000F2E7D8 /* IFVerticallyExpandingTextField.h */ = {isa = PBXFileReference; fileEncoding = 30; lastKnownFileType = sourcecode.c.h; path = IFVerticallyExpandingTextField.h; sourceTree = "<group>"; };
		48F00D270BD773D500F2E7D8 /* IFVerticallyExpandingTextField.m */ = {isa = PBXFileReference; fileEncoding = 30; lastKnownFileType = sourcecode.c.objc; path = IFVerticallyExpandingTextField.m; sourceTree = "<group>"; };
		48F8D5700C098C870058A4EF /* PalletHelperProtocol.h */ = {isa = PBXFileReference; fileEncoding = 4; lastKnownFileType = sourcecode.c.h; name = PalletHelperProtocol.h; path = Helper/PalletHelperProtocol.h; sourceTree = "<group>"; };
		6E88D3170DF5BC0500684E9F /* Installed.tiff */ = {isa = PBXFileReference; lastKnownFileType = image.tiff; path = Installed.tiff; sourceTree = "<group>"; };
		6E88D3180DF5BC0600684E9F /* Outdated.tiff */ = {isa = PBXFileReference; lastKnownFileType = image.tiff; path = Outdated.tiff; sourceTree = "<group>"; };
		8D1107310486CEB800E47090 /* Info.plist */ = {isa = PBXFileReference; fileEncoding = 4; lastKnownFileType = text.plist; path = Info.plist; sourceTree = "<group>"; };
		8D1107320486CEB800E47090 /* Pallet.app */ = {isa = PBXFileReference; explicitFileType = wrapper.application; includeInIndex = 0; path = Pallet.app; sourceTree = BUILT_PRODUCTS_DIR; };
/* End PBXFileReference section */

/* Begin PBXFrameworksBuildPhase section */
		482C61C70BD225F400F7AC59 /* Frameworks */ = {
			isa = PBXFrameworksBuildPhase;
			buildActionMask = 2147483647;
			files = (
				48D5EF700BDE169B003EE169 /* Tcl.framework in Frameworks */,
				48AA3F9E0C93F85800C6AC60 /* MacPorts.framework in Frameworks */,
			);
			runOnlyForDeploymentPostprocessing = 0;
		};
		48ACD7890B42846B00D34B4C /* Frameworks */ = {
			isa = PBXFrameworksBuildPhase;
			buildActionMask = 2147483647;
			files = (
				487EB9170B45335D001B0F72 /* Cocoa.framework in Frameworks */,
				48ACD7930B4284A400D34B4C /* Security.framework in Frameworks */,
			);
			runOnlyForDeploymentPostprocessing = 0;
		};
		8D11072E0486CEB800E47090 /* Frameworks */ = {
			isa = PBXFrameworksBuildPhase;
			buildActionMask = 2147483647;
			files = (
				8D11072F0486CEB800E47090 /* Cocoa.framework in Frameworks */,
				481B84120BA254A4000D1385 /* Security.framework in Frameworks */,
				48EE4F7D0B515B7D0066DCBA /* Tcl.framework in Frameworks */,
				48AA3F9D0C93F85800C6AC60 /* MacPorts.framework in Frameworks */,
			);
			runOnlyForDeploymentPostprocessing = 0;
		};
/* End PBXFrameworksBuildPhase section */

/* Begin PBXGroup section */
		080E96DDFE201D6D7F000001 /* Classes */ = {
			isa = PBXGroup;
			children = (
				487EB9470B453785001B0F72 /* AuthorizedExecutable.h */,
				487EB9480B453786001B0F72 /* AuthorizedExecutable.m */,
				4828C62F0AD7B84D002AF0DD /* TaskWrapper.h */,
				4828C6300AD7B84D002AF0DD /* TaskWrapper.m */,
				48D470170AD6867B00352CE9 /* PortAuthority.h */,
				48D470180AD6867C00352CE9 /* PortAuthority.m */,
				480062BD0B597D9A005F27E4 /* PAStatusTransformer.h */,
				480062BE0B597D9A005F27E4 /* PAStatusTransformer.m */,
				48D470770AD6CFFB00352CE9 /* MPToolbar.h */,
				48D470780AD6CFFB00352CE9 /* MPToolbar.m */,
				483A5E440B57A50900712840 /* MPPortsController.h */,
				483A5E450B57A50900712840 /* MPPortsController.m */,
			);
			name = Classes;
			sourceTree = "<group>";
		};
		1058C7A0FEA54F0111CA2CBB /* Linked Frameworks */ = {
			isa = PBXGroup;
			children = (
				48AA3F950C93F85800C6AC60 /* MacPorts.framework */,
				48EE4F7C0B515B7D0066DCBA /* Tcl.framework */,
				4854CE0F0B420D8C00950EE4 /* Security.framework */,
				1058C7A1FEA54F0111CA2CBB /* Cocoa.framework */,
			);
			name = "Linked Frameworks";
			sourceTree = "<group>";
		};
		1058C7A2FEA54F0111CA2CBB /* Other Frameworks */ = {
			isa = PBXGroup;
			children = (
				29B97324FDCFA39411CA2CEA /* AppKit.framework */,
				13E42FB307B3F0F600E4EEF1 /* CoreData.framework */,
				29B97325FDCFA39411CA2CEA /* Foundation.framework */,
			);
			name = "Other Frameworks";
			sourceTree = "<group>";
		};
		19C28FACFE9D520D11CA2CBB /* Products */ = {
			isa = PBXGroup;
			children = (
				8D1107320486CEB800E47090 /* Pallet.app */,
				48ACD78B0B42846B00D34B4C /* Launcher */,
				482C61C90BD225F400F7AC59 /* PalletHelper */,
			);
			name = Products;
			sourceTree = "<group>";
		};
		29B97314FDCFA39411CA2CEA /* Port Authority */ = {
			isa = PBXGroup;
			children = (
				48CD13020BBE6B02002B0D0E /* MPTool */,
				080E96DDFE201D6D7F000001 /* Classes */,
				29B97315FDCFA39411CA2CEA /* Other Sources */,
				29B97317FDCFA39411CA2CEA /* Resources */,
				29B97323FDCFA39411CA2CEA /* Frameworks */,
				19C28FACFE9D520D11CA2CBB /* Products */,
			);
			name = "Port Authority";
			sourceTree = "<group>";
		};
		29B97315FDCFA39411CA2CEA /* Other Sources */ = {
			isa = PBXGroup;
			children = (
				48F8D5700C098C870058A4EF /* PalletHelperProtocol.h */,
				48C571A30C465ADE002EC172 /* PalletHelper.h */,
				48C571A40C465ADE002EC172 /* PalletHelper.m */,
				482C61D40BD2286700F7AC59 /* main.m */,
				48F00D270BD773D500F2E7D8 /* IFVerticallyExpandingTextField.m */,
				48F00D180BD7738000F2E7D8 /* IFVerticallyExpandingTextField.h */,
				48B63D810BCA40760028248A /* CFLib.c */,
				48ACD7D10B42855600D34B4C /* Launcher.h */,
				48AFB8B70BA4E20300896AF1 /* Debug.h */,
				48ACD7D20B42855600D34B4C /* Launcher.m */,
				48BBCE870B41B37F0063A19F /* getpath.c */,
				48BBCE7D0B41B2450063A19F /* Launcher.c */,
				4854CE6A0B42107000950EE4 /* Launcher_Prefix.pch */,
				32CA4F630368D1EE00C91783 /* Port Authority_Prefix.pch */,
				29B97316FDCFA39411CA2CEA /* main.m */,
			);
			name = "Other Sources";
			sourceTree = "<group>";
		};
		29B97317FDCFA39411CA2CEA /* Resources */ = {
			isa = PBXGroup;
			children = (
				6E88D3170DF5BC0500684E9F /* Installed.tiff */,
				6E88D3180DF5BC0600684E9F /* Outdated.tiff */,
				4875A7400B468DEB00FDDC21 /* ApplicationIconBusy.icns */,
				48D4721E0AD7B10600352CE9 /* ApplicationIcon.icns */,
				48D471FA0AD7A99500352CE9 /* Install.tiff */,
				48D4718A0AD73ECD00352CE9 /* Sync.tiff */,
				48D4718B0AD73ECD00352CE9 /* Update.tiff */,
				48D4718C0AD73ECD00352CE9 /* Upgrade.tiff */,
				48D470C70AD7256600352CE9 /* Remove.tiff */,
				48D470C80AD7256700352CE9 /* Halt.tiff */,
				8D1107310486CEB800E47090 /* Info.plist */,
				089C165CFE840E0CC02AAC07 /* InfoPlist.strings */,
				48AB404D0CEDB033000BA2E3 /* Localizable.strings */,
				29B97318FDCFA39411CA2CEA /* MainMenu.nib */,
				4875A9550B4839D700FDDC21 /* installed.gif */,
				4875A9530B4839C000FDDC21 /* active.gif */,
				4875A9510B4839AA00FDDC21 /* outdated.gif */,
				4844B92A0AD91F5800A4A4DB /* UserDefaults.plist */,
			);
			name = Resources;
			sourceTree = "<group>";
		};
		29B97323FDCFA39411CA2CEA /* Frameworks */ = {
			isa = PBXGroup;
			children = (
				1058C7A0FEA54F0111CA2CBB /* Linked Frameworks */,
				1058C7A2FEA54F0111CA2CBB /* Other Frameworks */,
			);
			name = Frameworks;
			sourceTree = "<group>";
		};
		48CD13020BBE6B02002B0D0E /* MPTool */ = {
			isa = PBXGroup;
			children = (
				48CD13140BBE6C24002B0D0E /* MPAgent.h */,
				48CD13150BBE6C24002B0D0E /* MPAgent.m */,
				48CD13160BBE6C24002B0D0E /* MPAgentProtocol.h */,
				48CD13170BBE6C24002B0D0E /* MPInterp.h */,
				48CD13180BBE6C24002B0D0E /* MPInterp.m */,
				48CD13190BBE6C24002B0D0E /* MPObject.h */,
				48CD131A0BBE6C24002B0D0E /* MPObject.m */,
				48CD130A0BBE6B02002B0D0E /* main.m */,
			);
			path = MPTool;
			sourceTree = "<group>";
		};
/* End PBXGroup section */

/* Begin PBXNativeTarget section */
		482C61C80BD225F400F7AC59 /* PalletHelper */ = {
			isa = PBXNativeTarget;
			buildConfigurationList = 482C61CB0BD2260700F7AC59 /* Build configuration list for PBXNativeTarget "PalletHelper" */;
			buildPhases = (
				482C61C60BD225F400F7AC59 /* Sources */,
				482C61C70BD225F400F7AC59 /* Frameworks */,
			);
			buildRules = (
			);
			dependencies = (
			);
			name = PalletHelper;
			productName = PalletHelper;
			productReference = 482C61C90BD225F400F7AC59 /* PalletHelper */;
			productType = "com.apple.product-type.tool";
		};
		48ACD78A0B42846B00D34B4C /* Launcher */ = {
			isa = PBXNativeTarget;
			buildConfigurationList = 48ACD78D0B42848A00D34B4C /* Build configuration list for PBXNativeTarget "Launcher" */;
			buildPhases = (
				48ACD7880B42846B00D34B4C /* Sources */,
				48ACD7890B42846B00D34B4C /* Frameworks */,
			);
			buildRules = (
			);
			dependencies = (
			);
			name = Launcher;
			productName = "Privileged Launcher";
			productReference = 48ACD78B0B42846B00D34B4C /* Launcher */;
			productType = "com.apple.product-type.tool";
		};
		8D1107260486CEB800E47090 /* Pallet */ = {
			isa = PBXNativeTarget;
			buildConfigurationList = C01FCF4A08A954540054247B /* Build configuration list for PBXNativeTarget "Pallet" */;
			buildPhases = (
				8D1107290486CEB800E47090 /* Resources */,
				8D11072C0486CEB800E47090 /* Sources */,
				8D11072E0486CEB800E47090 /* Frameworks */,
			);
			buildRules = (
			);
			dependencies = (
				4875A8BE0B46FE9000FDDC21 /* PBXTargetDependency */,
			);
			name = Pallet;
			productInstallPath = "$(HOME)/Applications";
			productName = "Port Authority";
			productReference = 8D1107320486CEB800E47090 /* Pallet.app */;
			productType = "com.apple.product-type.application";
		};
/* End PBXNativeTarget section */

/* Begin PBXProject section */
		29B97313FDCFA39411CA2CEA /* Project object */ = {
			isa = PBXProject;
			attributes = {
				BuildIndependentTargetsInParallel = NO;
			};
			buildConfigurationList = C01FCF4E08A954540054247B /* Build configuration list for PBXProject "Pallet" */;
			compatibilityVersion = "Xcode 2.4";
			hasScannedForEncodings = 1;
			mainGroup = 29B97314FDCFA39411CA2CEA /* Port Authority */;
			projectDirPath = "";
			projectRoot = "";
			targets = (
				8D1107260486CEB800E47090 /* Pallet */,
				48ACD78A0B42846B00D34B4C /* Launcher */,
				482C61C80BD225F400F7AC59 /* PalletHelper */,
			);
		};
/* End PBXProject section */

/* Begin PBXResourcesBuildPhase section */
		8D1107290486CEB800E47090 /* Resources */ = {
			isa = PBXResourcesBuildPhase;
			buildActionMask = 2147483647;
			files = (
				4875A77A0B46955800FDDC21 /* Launcher in Resources */,
				8D11072A0486CEB800E47090 /* MainMenu.nib in Resources */,
				8D11072B0486CEB800E47090 /* InfoPlist.strings in Resources */,
				48D470C90AD7256700352CE9 /* Remove.tiff in Resources */,
				48D470CA0AD7256700352CE9 /* Halt.tiff in Resources */,
				48D4718D0AD73ECD00352CE9 /* Sync.tiff in Resources */,
				48D4718E0AD73ECD00352CE9 /* Update.tiff in Resources */,
				48D4718F0AD73ECD00352CE9 /* Upgrade.tiff in Resources */,
				48D471FB0AD7A99500352CE9 /* Install.tiff in Resources */,
				48D4721F0AD7B10600352CE9 /* ApplicationIcon.icns in Resources */,
				4844B92B0AD91F5800A4A4DB /* UserDefaults.plist in Resources */,
				4875A7410B468DEB00FDDC21 /* ApplicationIconBusy.icns in Resources */,
				4875A9520B4839AA00FDDC21 /* outdated.gif in Resources */,
				4875A9540B4839C000FDDC21 /* active.gif in Resources */,
				4875A9560B4839D700FDDC21 /* installed.gif in Resources */,
				48AB404E0CEDB033000BA2E3 /* Localizable.strings in Resources */,
				6E88D3190DF5BC0600684E9F /* Installed.tiff in Resources */,
				6E88D31A0DF5BC0600684E9F /* Outdated.tiff in Resources */,
			);
			runOnlyForDeploymentPostprocessing = 0;
		};
/* End PBXResourcesBuildPhase section */

/* Begin PBXSourcesBuildPhase section */
		482C61C60BD225F400F7AC59 /* Sources */ = {
			isa = PBXSourcesBuildPhase;
			buildActionMask = 2147483647;
			files = (
				48F8D5820C0994AE0058A4EF /* MPObject.m in Sources */,
				48C570FC0C46287D002EC172 /* MPAgent.m in Sources */,
				48F8D5810C0994AE0058A4EF /* MPInterp.m in Sources */,
				48C570FD0C46287D002EC172 /* main.m in Sources */,
			);
			runOnlyForDeploymentPostprocessing = 0;
		};
		48ACD7880B42846B00D34B4C /* Sources */ = {
			isa = PBXSourcesBuildPhase;
			buildActionMask = 2147483647;
			files = (
				487EB9280B4533CB001B0F72 /* getpath.c in Sources */,
				487EB9270B4533BC001B0F72 /* Launcher.c in Sources */,
			);
			runOnlyForDeploymentPostprocessing = 0;
		};
		8D11072C0486CEB800E47090 /* Sources */ = {
			isa = PBXSourcesBuildPhase;
			buildActionMask = 2147483647;
			files = (
				8D11072D0486CEB800E47090 /* main.m in Sources */,
				48A284020C608C9800D1AC4B /* MPInterp.m in Sources */,
				48A284030C608C9800D1AC4B /* MPObject.m in Sources */,
				48D470190AD6867C00352CE9 /* PortAuthority.m in Sources */,
				48D470790AD6CFFB00352CE9 /* MPToolbar.m in Sources */,
				4828C6310AD7B84D002AF0DD /* TaskWrapper.m in Sources */,
				487EB9490B453786001B0F72 /* AuthorizedExecutable.m in Sources */,
				483A5E460B57A50900712840 /* MPPortsController.m in Sources */,
				480062BF0B597D9A005F27E4 /* PAStatusTransformer.m in Sources */,
				48B63D820BCA40760028248A /* CFLib.c in Sources */,
				48F00D280BD773D500F2E7D8 /* IFVerticallyExpandingTextField.m in Sources */,
			);
			runOnlyForDeploymentPostprocessing = 0;
		};
/* End PBXSourcesBuildPhase section */

/* Begin PBXTargetDependency section */
		4875A8BE0B46FE9000FDDC21 /* PBXTargetDependency */ = {
			isa = PBXTargetDependency;
			target = 48ACD78A0B42846B00D34B4C /* Launcher */;
			targetProxy = 4875A8BD0B46FE9000FDDC21 /* PBXContainerItemProxy */;
		};
/* End PBXTargetDependency section */

/* Begin PBXVariantGroup section */
		089C165CFE840E0CC02AAC07 /* InfoPlist.strings */ = {
			isa = PBXVariantGroup;
			children = (
				089C165DFE840E0CC02AAC07 /* English */,
			);
			name = InfoPlist.strings;
			sourceTree = "<group>";
		};
		29B97318FDCFA39411CA2CEA /* MainMenu.nib */ = {
			isa = PBXVariantGroup;
			children = (
				29B97319FDCFA39411CA2CEA /* English */,
			);
			name = MainMenu.nib;
			sourceTree = "<group>";
		};
		48AB404D0CEDB033000BA2E3 /* Localizable.strings */ = {
			isa = PBXVariantGroup;
			children = (
				48AB40450CEDB00D000BA2E3 /* English */,
			);
			name = Localizable.strings;
			sourceTree = "<group>";
		};
/* End PBXVariantGroup section */

/* Begin XCBuildConfiguration section */
		482C61CC0BD2260700F7AC59 /* Debug */ = {
			isa = XCBuildConfiguration;
			buildSettings = {
				COPY_PHASE_STRIP = NO;
				FRAMEWORK_SEARCH_PATHS = (
					"$(inherited)",
					"$(FRAMEWORK_SEARCH_PATHS_QUOTED_1)",
					"$(FRAMEWORK_SEARCH_PATHS_QUOTED_2)",
				);
				FRAMEWORK_SEARCH_PATHS_QUOTED_1 = "\"$(SRCROOT)\"";
				FRAMEWORK_SEARCH_PATHS_QUOTED_2 = "\"$(SRCROOT)/../../../../Shared/Developer/MacPorts/Repository/users/rhwood/MacPorts.Framework/build/Debug\"";
				GCC_DYNAMIC_NO_PIC = NO;
				GCC_ENABLE_FIX_AND_CONTINUE = YES;
				GCC_GENERATE_DEBUGGING_SYMBOLS = YES;
				GCC_MODEL_TUNING = G5;
				GCC_OPTIMIZATION_LEVEL = 0;
				GCC_PRECOMPILE_PREFIX_HEADER = YES;
				GCC_PREFIX_HEADER = "$(SYSTEM_LIBRARY_DIR)/Frameworks/AppKit.framework/Headers/AppKit.h";
				INSTALL_PATH = "$(HOME)/bin";
				OTHER_LDFLAGS = (
					"-framework",
					Foundation,
					"-framework",
					AppKit,
				);
				PREBINDING = NO;
				PRODUCT_NAME = PalletHelper;
				ZERO_LINK = NO;
			};
			name = Debug;
		};
		482C61CD0BD2260700F7AC59 /* Release */ = {
			isa = XCBuildConfiguration;
			buildSettings = {
				COPY_PHASE_STRIP = YES;
				FRAMEWORK_SEARCH_PATHS = (
					"$(inherited)",
					"$(FRAMEWORK_SEARCH_PATHS_QUOTED_1)",
					"$(FRAMEWORK_SEARCH_PATHS_QUOTED_2)",
				);
				FRAMEWORK_SEARCH_PATHS_QUOTED_1 = "\"$(SRCROOT)\"";
				FRAMEWORK_SEARCH_PATHS_QUOTED_2 = "\"$(SRCROOT)/../../../../Shared/Developer/MacPorts/Repository/users/rhwood/MacPorts.Framework/build/Debug\"";
				GCC_ENABLE_FIX_AND_CONTINUE = NO;
				GCC_GENERATE_DEBUGGING_SYMBOLS = NO;
				GCC_MODEL_TUNING = G5;
				GCC_PRECOMPILE_PREFIX_HEADER = YES;
				GCC_PREFIX_HEADER = "$(SYSTEM_LIBRARY_DIR)/Frameworks/AppKit.framework/Headers/AppKit.h";
				INSTALL_PATH = "$(HOME)/bin";
				OTHER_LDFLAGS = (
					"-framework",
					Foundation,
					"-framework",
					AppKit,
				);
				PREBINDING = NO;
				PRODUCT_NAME = PalletHelper;
				ZERO_LINK = NO;
			};
			name = Release;
		};
		48ACD78E0B42848A00D34B4C /* Debug */ = {
			isa = XCBuildConfiguration;
			buildSettings = {
				COPY_PHASE_STRIP = NO;
				GCC_DYNAMIC_NO_PIC = NO;
				GCC_ENABLE_FIX_AND_CONTINUE = YES;
				GCC_GENERATE_DEBUGGING_SYMBOLS = YES;
				GCC_MODEL_TUNING = G5;
				GCC_OPTIMIZATION_LEVEL = 0;
				GCC_PRECOMPILE_PREFIX_HEADER = YES;
				GCC_PREFIX_HEADER = "$(inherited)";
				INSTALL_PATH = "$(HOME)/bin";
				OTHER_LDFLAGS = (
					"-framework",
					Foundation,
					"-framework",
					AppKit,
				);
				PREBINDING = NO;
				PRODUCT_NAME = Launcher;
			};
			name = Debug;
		};
		48ACD78F0B42848A00D34B4C /* Release */ = {
			isa = XCBuildConfiguration;
			buildSettings = {
				ARCHS = (
					ppc,
					i386,
				);
				COPY_PHASE_STRIP = YES;
				GCC_ENABLE_FIX_AND_CONTINUE = NO;
				GCC_GENERATE_DEBUGGING_SYMBOLS = YES;
				GCC_MODEL_TUNING = G4;
				GCC_PRECOMPILE_PREFIX_HEADER = YES;
				GCC_PREFIX_HEADER = Launcher_Prefix.pch;
				INSTALL_PATH = "$(HOME)/bin";
				MACOSX_DEPLOYMENT_TARGET = 10.4;
				MACOSX_DEPLOYMENT_TARGET_i386 = "$(inherited)";
				MACOSX_DEPLOYMENT_TARGET_ppc = "$(inherited)";
				OTHER_LDFLAGS = "";
				PREBINDING = YES;
				PRODUCT_NAME = Launcher;
				SKIP_INSTALL = YES;
			};
			name = Release;
		};
		C01FCF4B08A954540054247B /* Debug */ = {
			isa = XCBuildConfiguration;
			buildSettings = {
				COPY_PHASE_STRIP = NO;
				FRAMEWORK_SEARCH_PATHS = (
					"$(inherited)",
					"$(FRAMEWORK_SEARCH_PATHS_QUOTED_1)",
					"$(FRAMEWORK_SEARCH_PATHS_QUOTED_2)",
				);
				FRAMEWORK_SEARCH_PATHS_QUOTED_1 = "\"$(SRCROOT)\"";
				FRAMEWORK_SEARCH_PATHS_QUOTED_2 = "\"$(SRCROOT)/../../../../Shared/Developer/MacPorts/Repository/users/rhwood/MacPorts.Framework/build/Debug\"";
				GCC_DYNAMIC_NO_PIC = NO;
				GCC_ENABLE_FIX_AND_CONTINUE = YES;
				GCC_MODEL_TUNING = G5;
				GCC_OPTIMIZATION_LEVEL = 0;
				INFOPLIST_FILE = Info.plist;
				INSTALL_PATH = "$(HOME)/Applications";
				PRODUCT_NAME = Pallet;
				WRAPPER_EXTENSION = app;
			};
			name = Debug;
		};
		C01FCF4C08A954540054247B /* Release */ = {
			isa = XCBuildConfiguration;
			buildSettings = {
				ARCHS = (
					ppc,
					i386,
				);
				FRAMEWORK_SEARCH_PATHS = (
					"$(inherited)",
					"$(FRAMEWORK_SEARCH_PATHS_QUOTED_1)",
					"$(FRAMEWORK_SEARCH_PATHS_QUOTED_2)",
				);
				FRAMEWORK_SEARCH_PATHS_QUOTED_1 = "\"$(SRCROOT)\"";
				FRAMEWORK_SEARCH_PATHS_QUOTED_2 = "\"$(SRCROOT)/../../../../Shared/Developer/MacPorts/Repository/users/rhwood/MacPorts.Framework/build/Debug\"";
				GCC_GENERATE_DEBUGGING_SYMBOLS = YES;
				GCC_MODEL_TUNING = G4;
				GCC_PRECOMPILE_PREFIX_HEADER = YES;
				GCC_PREFIX_HEADER = "Port Authority_Prefix.pch";
				INFOPLIST_FILE = Info.plist;
				INSTALL_PATH = /Applications;
				MACOSX_DEPLOYMENT_TARGET = 10.4;
				MACOSX_DEPLOYMENT_TARGET_i386 = 10.4;
				MACOSX_DEPLOYMENT_TARGET_ppc = 10.3;
				PRODUCT_NAME = Pallet;
				WRAPPER_EXTENSION = app;
			};
			name = Release;
		};
		C01FCF4F08A954540054247B /* Debug */ = {
			isa = XCBuildConfiguration;
			buildSettings = {
				GCC_ENABLE_OBJC_EXCEPTIONS = YES;
				GCC_PREPROCESSOR_DEFINITIONS = (
					"DEBUGGING=1",
					"$(inherited)",
				);
				GCC_WARN_ABOUT_RETURN_TYPE = YES;
				GCC_WARN_UNUSED_VARIABLE = YES;
				MACOSX_DEPLOYMENT_TARGET = 10.4;
				PREBINDING = NO;
				SDKROOT = /Developer/SDKs/MacOSX10.4u.sdk;
				VERSIONING_SYSTEM = "apple-generic";
			};
			name = Debug;
		};
		C01FCF5008A954540054247B /* Release */ = {
			isa = XCBuildConfiguration;
			buildSettings = {
				ARCHS = (
					"$(NATIVE_ARCH)",
					ppc,
				);
				GCC_ENABLE_OBJC_EXCEPTIONS = YES;
				GCC_PREPROCESSOR_DEFINITIONS = "$(inherited)";
				GCC_WARN_ABOUT_RETURN_TYPE = NO;
				GCC_WARN_UNUSED_VARIABLE = NO;
				MACOSX_DEPLOYMENT_TARGET = 10.4;
				PREBINDING = YES;
				SDKROOT = /Developer/SDKs/MacOSX10.4u.sdk;
				VERSIONING_SYSTEM = "apple-generic";
			};
			name = Release;
		};
/* End XCBuildConfiguration section */

/* Begin XCConfigurationList section */
		482C61CB0BD2260700F7AC59 /* Build configuration list for PBXNativeTarget "PalletHelper" */ = {
			isa = XCConfigurationList;
			buildConfigurations = (
				482C61CC0BD2260700F7AC59 /* Debug */,
				482C61CD0BD2260700F7AC59 /* Release */,
			);
			defaultConfigurationIsVisible = 0;
			defaultConfigurationName = Release;
		};
		48ACD78D0B42848A00D34B4C /* Build configuration list for PBXNativeTarget "Launcher" */ = {
			isa = XCConfigurationList;
			buildConfigurations = (
				48ACD78E0B42848A00D34B4C /* Debug */,
				48ACD78F0B42848A00D34B4C /* Release */,
			);
			defaultConfigurationIsVisible = 0;
			defaultConfigurationName = Release;
		};
		C01FCF4A08A954540054247B /* Build configuration list for PBXNativeTarget "Pallet" */ = {
			isa = XCConfigurationList;
			buildConfigurations = (
				C01FCF4B08A954540054247B /* Debug */,
				C01FCF4C08A954540054247B /* Release */,
			);
			defaultConfigurationIsVisible = 0;
			defaultConfigurationName = Release;
		};
		C01FCF4E08A954540054247B /* Build configuration list for PBXProject "Pallet" */ = {
			isa = XCConfigurationList;
			buildConfigurations = (
				C01FCF4F08A954540054247B /* Debug */,
				C01FCF5008A954540054247B /* Release */,
			);
			defaultConfigurationIsVisible = 0;
			defaultConfigurationName = Release;
		};
/* End XCConfigurationList section */
	};
	rootObject = 29B97313FDCFA39411CA2CEA /* Project object */;
}
